
Microsoft Visual Studio Solution File, Format Version 12.00
# Visual Studio Version 17
VisualStudioVersion = 17.9.34728.123
MinimumVisualStudioVersion = 10.0.40219.1
Project("{FAE04EC0-301F-11D3-BF4B-00C04F79EFBC}") = "Net_Lab1", "Net_Lab1.csproj", "{4BA723BA-3DFD-48F0-AC61-6E7E60776A41}"
EndProject
Project("{FAE04EC0-301F-11D3-BF4B-00C04F79EFBC}") = "Tests", "..\Tests\Tests.csproj", "{AA91E97E-EE29-46CB-B947-E29E21EA790B}"
EndProject
Project("{FAE04EC0-301F-11D3-BF4B-00C04F79EFBC}") = "WinFormsApp", "..\WinFormsApp\WinFormsApp.csproj", "{5157322B-9952-4A25-9D9C-BB94747C0EA5}"
EndProject
Global
	GlobalSection(SolutionConfigurationPlatforms) = preSolution
		Debug|Any CPU = Debug|Any CPU
		Release|Any CPU = Release|Any CPU
	EndGlobalSection
	GlobalSection(ProjectConfigurationPlatforms) = postSolution
		{4BA723BA-3DFD-48F0-AC61-6E7E60776A41}.Debug|Any CPU.ActiveCfg = Debug|Any CPU
		{4BA723BA-3DFD-48F0-AC61-6E7E60776A41}.Debug|Any CPU.Build.0 = Debug|Any CPU
		{4BA723BA-3DFD-48F0-AC61-6E7E60776A41}.Release|Any CPU.ActiveCfg = Release|Any CPU
		{4BA723BA-3DFD-48F0-AC61-6E7E60776A41}.Release|Any CPU.Build.0 = Release|Any CPU
		{AA91E97E-EE29-46CB-B947-E29E21EA790B}.Debug|Any CPU.ActiveCfg = Debug|Any CPU
		{AA91E97E-EE29-46CB-B947-E29E21EA790B}.Debug|Any CPU.Build.0 = Debug|Any CPU
		{AA91E97E-EE29-46CB-B947-E29E21EA790B}.Release|Any CPU.ActiveCfg = Release|Any CPU
		{AA91E97E-EE29-46CB-B947-E29E21EA790B}.Release|Any CPU.Build.0 = Release|Any CPU
		{5157322B-9952-4A25-9D9C-BB94747C0EA5}.Debug|Any CPU.ActiveCfg = Debug|Any CPU
		{5157322B-9952-4A25-9D9C-BB94747C0EA5}.Debug|Any CPU.Build.0 = Debug|Any CPU
		{5157322B-9952-4A25-9D9C-BB94747C0EA5}.Release|Any CPU.ActiveCfg = Release|Any CPU
		{5157322B-9952-4A25-9D9C-BB94747C0EA5}.Release|Any CPU.Build.0 = Release|Any CPU
	EndGlobalSection
	GlobalSection(SolutionProperties) = preSolution
		HideSolutionNode = FALSE
	EndGlobalSection
	GlobalSection(ExtensibilityGlobals) = postSolution
		SolutionGuid = {81CA41FD-7099-48E9-AC01-E01823E2925B}
	EndGlobalSection
EndGlobal
